
Microsoft Visual Studio Solution File, Format Version 12.00
# Visual Studio Version 16
VisualStudioVersion = 16.0.30503.244
MinimumVisualStudioVersion = 10.0.40219.1
Project("{8BC9CEB8-8B4A-11D0-8D11-00A0C91BC942}") = "Individualnoe", "Individualnoe\Individualnoe.vcxproj", "{9168884C-B933-48F5-8D3D-481BD33918DC}"
EndProject
Global
	GlobalSection(SolutionConfigurationPlatforms) = preSolution
		Debug|x64 = Debug|x64
		Debug|x86 = Debug|x86
		Release|x64 = Release|x64
		Release|x86 = Release|x86
	EndGlobalSection
	GlobalSection(ProjectConfigurationPlatforms) = postSolution
		{9168884C-B933-48F5-8D3D-481BD33918DC}.Debug|x64.ActiveCfg = Debug|x64
		{9168884C-B933-48F5-8D3D-481BD33918DC}.Debug|x64.Build.0 = Debug|x64
		{9168884C-B933-48F5-8D3D-481BD33918DC}.Debug|x86.ActiveCfg = Debug|Win32
		{9168884C-B933-48F5-8D3D-481BD33918DC}.Debug|x86.Build.0 = Debug|Win32
		{9168884C-B933-48F5-8D3D-481BD33918DC}.Release|x64.ActiveCfg = Release|x64
		{9168884C-B933-48F5-8D3D-481BD33918DC}.Release|x64.Build.0 = Release|x64
		{9168884C-B933-48F5-8D3D-481BD33918DC}.Release|x86.ActiveCfg = Release|Win32
		{9168884C-B933-48F5-8D3D-481BD33918DC}.Release|x86.Build.0 = Release|Win32
	EndGlobalSection
	GlobalSection(SolutionProperties) = preSolution
		HideSolutionNode = FALSE
	EndGlobalSection
	GlobalSection(ExtensibilityGlobals) = postSolution
		SolutionGuid = {AA28FFAA-BC28-4397-AA12-ADABD4577A6F}
	EndGlobalSection
EndGlobal
